
Microsoft Visual Studio Solution File, Format Version 12.00
# Visual Studio 15
VisualStudioVersion = 15.0.28307.572
MinimumVisualStudioVersion = 10.0.40219.1
Project("{FAE04EC0-301F-11D3-BF4B-00C04F79EFBC}") = "gomoku", "gomoku\gomoku.csproj", "{74CAAC81-5F38-4355-A841-D9E88A4F6F56}"
EndProject
Global
	GlobalSection(SolutionConfigurationPlatforms) = preSolution
		Debug|Any CPU = Debug|Any CPU
		Release|Any CPU = Release|Any CPU
	EndGlobalSection
	GlobalSection(ProjectConfigurationPlatforms) = postSolution
		{74CAAC81-5F38-4355-A841-D9E88A4F6F56}.Debug|Any CPU.ActiveCfg = Debug|Any CPU
		{74CAAC81-5F38-4355-A841-D9E88A4F6F56}.Debug|Any CPU.Build.0 = Debug|Any CPU
		{74CAAC81-5F38-4355-A841-D9E88A4F6F56}.Release|Any CPU.ActiveCfg = Release|Any CPU
		{74CAAC81-5F38-4355-A841-D9E88A4F6F56}.Release|Any CPU.Build.0 = Release|Any CPU
	EndGlobalSection
	GlobalSection(SolutionProperties) = preSolution
		HideSolutionNode = FALSE
	EndGlobalSection
	GlobalSection(ExtensibilityGlobals) = postSolution
		SolutionGuid = {18D3E8FC-B9A2-4C30-B87B-D33C98D9D37A}
	EndGlobalSection
EndGlobal
